
Microsoft Visual Studio Solution File, Format Version 12.00
# Visual Studio 15
Project("{FAE04EC0-301F-11D3-BF4B-00C04F79EFBC}") = "Assembly-CSharp-firstpass", "Assembly-CSharp-firstpass.csproj", "{C2F21F93-6358-B71E-67BF-CF452F313615}"
EndProject
Project("{FAE04EC0-301F-11D3-BF4B-00C04F79EFBC}") = "SteamVR", "SteamVR.csproj", "{284850BC-E1F4-CA74-5620-760A79B68C66}"
EndProject
Project("{FAE04EC0-301F-11D3-BF4B-00C04F79EFBC}") = "Assembly-CSharp", "Assembly-CSharp.csproj", "{2907AC5A-7FED-76F7-B426-054B9C724F0C}"
EndProject
Project("{FAE04EC0-301F-11D3-BF4B-00C04F79EFBC}") = "Assembly-CSharp-Editor-firstpass", "Assembly-CSharp-Editor-firstpass.csproj", "{BE805659-6E47-C504-6EAA-67416BFF23E3}"
EndProject
Project("{FAE04EC0-301F-11D3-BF4B-00C04F79EFBC}") = "SteamVR_Editor", "SteamVR_Editor.csproj", "{8911ACC4-06EB-D2EB-B04A-9DF5C0E7C011}"
EndProject
Project("{FAE04EC0-301F-11D3-BF4B-00C04F79EFBC}") = "SteamVR_Input_Editor", "SteamVR_Input_Editor.csproj", "{664EFB01-50A1-063C-CC53-6CCE88246CB9}"
EndProject
Project("{FAE04EC0-301F-11D3-BF4B-00C04F79EFBC}") = "Assembly-CSharp-Editor", "Assembly-CSharp-Editor.csproj", "{D77BDB3B-222F-7C16-19C0-1EBB75D6F495}"
EndProject
Project("{FAE04EC0-301F-11D3-BF4B-00C04F79EFBC}") = "SteamVR_Windows_EditorHelper", "SteamVR_Windows_EditorHelper.csproj", "{CD7778E0-B838-DA25-8A76-388DADBF8445}"
EndProject
Global
	GlobalSection(SolutionConfigurationPlatforms) = preSolution
		Debug|Any CPU = Debug|Any CPU
		Release|Any CPU = Release|Any CPU
	EndGlobalSection
	GlobalSection(ProjectConfigurationPlatforms) = postSolution
		{C2F21F93-6358-B71E-67BF-CF452F313615}.Debug|Any CPU.ActiveCfg = Debug|Any CPU
		{C2F21F93-6358-B71E-67BF-CF452F313615}.Debug|Any CPU.Build.0 = Debug|Any CPU
		{C2F21F93-6358-B71E-67BF-CF452F313615}.Release|Any CPU.ActiveCfg = Release|Any CPU
		{C2F21F93-6358-B71E-67BF-CF452F313615}.Release|Any CPU.Build.0 = Release|Any CPU
		{284850BC-E1F4-CA74-5620-760A79B68C66}.Debug|Any CPU.ActiveCfg = Debug|Any CPU
		{284850BC-E1F4-CA74-5620-760A79B68C66}.Debug|Any CPU.Build.0 = Debug|Any CPU
		{284850BC-E1F4-CA74-5620-760A79B68C66}.Release|Any CPU.ActiveCfg = Release|Any CPU
		{284850BC-E1F4-CA74-5620-760A79B68C66}.Release|Any CPU.Build.0 = Release|Any CPU
		{2907AC5A-7FED-76F7-B426-054B9C724F0C}.Debug|Any CPU.ActiveCfg = Debug|Any CPU
		{2907AC5A-7FED-76F7-B426-054B9C724F0C}.Debug|Any CPU.Build.0 = Debug|Any CPU
		{2907AC5A-7FED-76F7-B426-054B9C724F0C}.Release|Any CPU.ActiveCfg = Release|Any CPU
		{2907AC5A-7FED-76F7-B426-054B9C724F0C}.Release|Any CPU.Build.0 = Release|Any CPU
		{BE805659-6E47-C504-6EAA-67416BFF23E3}.Debug|Any CPU.ActiveCfg = Debug|Any CPU
		{BE805659-6E47-C504-6EAA-67416BFF23E3}.Debug|Any CPU.Build.0 = Debug|Any CPU
		{BE805659-6E47-C504-6EAA-67416BFF23E3}.Release|Any CPU.ActiveCfg = Release|Any CPU
		{BE805659-6E47-C504-6EAA-67416BFF23E3}.Release|Any CPU.Build.0 = Release|Any CPU
		{8911ACC4-06EB-D2EB-B04A-9DF5C0E7C011}.Debug|Any CPU.ActiveCfg = Debug|Any CPU
		{8911ACC4-06EB-D2EB-B04A-9DF5C0E7C011}.Debug|Any CPU.Build.0 = Debug|Any CPU
		{8911ACC4-06EB-D2EB-B04A-9DF5C0E7C011}.Release|Any CPU.ActiveCfg = Release|Any CPU
		{8911ACC4-06EB-D2EB-B04A-9DF5C0E7C011}.Release|Any CPU.Build.0 = Release|Any CPU
		{664EFB01-50A1-063C-CC53-6CCE88246CB9}.Debug|Any CPU.ActiveCfg = Debug|Any CPU
		{664EFB01-50A1-063C-CC53-6CCE88246CB9}.Debug|Any CPU.Build.0 = Debug|Any CPU
		{664EFB01-50A1-063C-CC53-6CCE88246CB9}.Release|Any CPU.ActiveCfg = Release|Any CPU
		{664EFB01-50A1-063C-CC53-6CCE88246CB9}.Release|Any CPU.Build.0 = Release|Any CPU
		{D77BDB3B-222F-7C16-19C0-1EBB75D6F495}.Debug|Any CPU.ActiveCfg = Debug|Any CPU
		{D77BDB3B-222F-7C16-19C0-1EBB75D6F495}.Debug|Any CPU.Build.0 = Debug|Any CPU
		{D77BDB3B-222F-7C16-19C0-1EBB75D6F495}.Release|Any CPU.ActiveCfg = Release|Any CPU
		{D77BDB3B-222F-7C16-19C0-1EBB75D6F495}.Release|Any CPU.Build.0 = Release|Any CPU
		{CD7778E0-B838-DA25-8A76-388DADBF8445}.Debug|Any CPU.ActiveCfg = Debug|Any CPU
		{CD7778E0-B838-DA25-8A76-388DADBF8445}.Debug|Any CPU.Build.0 = Debug|Any CPU
		{CD7778E0-B838-DA25-8A76-388DADBF8445}.Release|Any CPU.ActiveCfg = Release|Any CPU
		{CD7778E0-B838-DA25-8A76-388DADBF8445}.Release|Any CPU.Build.0 = Release|Any CPU
	EndGlobalSection
	GlobalSection(SolutionProperties) = preSolution
		HideSolutionNode = FALSE
	EndGlobalSection
EndGlobal
